// !$*UTF8*$!
{
	archiveVersion = 1;
	classes = {
	};
	objectVersion = 55;
	objects = {

/* Begin PBXBuildFile section */
		BC3BCAF5288B05760067104D /* Service.swift in Sources */ = {isa = PBXBuildFile; fileRef = BC3BCAF4288B05760067104D /* Service.swift */; };
		BC6B9255288E2C70004E5F18 /* BusStopView.swift in Sources */ = {isa = PBXBuildFile; fileRef = BC6B9254288E2C70004E5F18 /* BusStopView.swift */; };
		BC9D707E286E1957004B3D86 /* KakaoBusApp.swift in Sources */ = {isa = PBXBuildFile; fileRef = BC9D707D286E1957004B3D86 /* KakaoBusApp.swift */; };
		BC9D7080286E1957004B3D86 /* ContentView.swift in Sources */ = {isa = PBXBuildFile; fileRef = BC9D707F286E1957004B3D86 /* ContentView.swift */; };
		BC9D7082286E195A004B3D86 /* Assets.xcassets in Resources */ = {isa = PBXBuildFile; fileRef = BC9D7081286E195A004B3D86 /* Assets.xcassets */; };
		BC9D7085286E195A004B3D86 /* Preview Assets.xcassets in Resources */ = {isa = PBXBuildFile; fileRef = BC9D7084286E195A004B3D86 /* Preview Assets.xcassets */; };
		BCC07455288E6BE00076DD27 /* RxSwift in Frameworks */ = {isa = PBXBuildFile; productRef = BCC07454288E6BE00076DD27 /* RxSwift */; };
		BCC07459288E78BF0076DD27 /* FavoriteBusStop.swift in Sources */ = {isa = PBXBuildFile; fileRef = BCC07458288E78BF0076DD27 /* FavoriteBusStop.swift */; };
		BCC0745B288EEDE80076DD27 /* BusArrivalTime.swift in Sources */ = {isa = PBXBuildFile; fileRef = BCC0745A288EEDE80076DD27 /* BusArrivalTime.swift */; };
		BCC0745D288F08A50076DD27 /* BusStopViewModel.swift in Sources */ = {isa = PBXBuildFile; fileRef = BCC0745C288F08A50076DD27 /* BusStopViewModel.swift */; };
/* End PBXBuildFile section */

/* Begin PBXFileReference section */
		BC3BCAF4288B05760067104D /* Service.swift */ = {isa = PBXFileReference; lastKnownFileType = sourcecode.swift; path = Service.swift; sourceTree = "<group>"; };
		BC6B9254288E2C70004E5F18 /* BusStopView.swift */ = {isa = PBXFileReference; lastKnownFileType = sourcecode.swift; path = BusStopView.swift; sourceTree = "<group>"; };
		BC9D707A286E1957004B3D86 /* KakaoBus.app */ = {isa = PBXFileReference; explicitFileType = wrapper.application; includeInIndex = 0; path = KakaoBus.app; sourceTree = BUILT_PRODUCTS_DIR; };
		BC9D707D286E1957004B3D86 /* KakaoBusApp.swift */ = {isa = PBXFileReference; lastKnownFileType = sourcecode.swift; path = KakaoBusApp.swift; sourceTree = "<group>"; };
		BC9D707F286E1957004B3D86 /* ContentView.swift */ = {isa = PBXFileReference; lastKnownFileType = sourcecode.swift; path = ContentView.swift; sourceTree = "<group>"; };
		BC9D7081286E195A004B3D86 /* Assets.xcassets */ = {isa = PBXFileReference; lastKnownFileType = folder.assetcatalog; path = Assets.xcassets; sourceTree = "<group>"; };
		BC9D7084286E195A004B3D86 /* Preview Assets.xcassets */ = {isa = PBXFileReference; lastKnownFileType = folder.assetcatalog; path = "Preview Assets.xcassets"; sourceTree = "<group>"; };
		BCC07458288E78BF0076DD27 /* FavoriteBusStop.swift */ = {isa = PBXFileReference; lastKnownFileType = sourcecode.swift; path = FavoriteBusStop.swift; sourceTree = "<group>"; };
		BCC0745A288EEDE80076DD27 /* BusArrivalTime.swift */ = {isa = PBXFileReference; lastKnownFileType = sourcecode.swift; path = BusArrivalTime.swift; sourceTree = "<group>"; };
		BCC0745C288F08A50076DD27 /* BusStopViewModel.swift */ = {isa = PBXFileReference; lastKnownFileType = sourcecode.swift; path = BusStopViewModel.swift; sourceTree = "<group>"; };
/* End PBXFileReference section */

/* Begin PBXFrameworksBuildPhase section */
		BC9D7077286E1957004B3D86 /* Frameworks */ = {
			isa = PBXFrameworksBuildPhase;
			buildActionMask = 2147483647;
			files = (
				BCC07455288E6BE00076DD27 /* RxSwift in Frameworks */,
			);
			runOnlyForDeploymentPostprocessing = 0;
		};
/* End PBXFrameworksBuildPhase section */

/* Begin PBXGroup section */
		BC6CC1E1287802EC009327FA /* View */ = {
			isa = PBXGroup;
			children = (
				BCC07457288E78980076DD27 /* Page */,
				BCC07456288E788C0076DD27 /* Conponent */,
			);
			path = View;
			sourceTree = "<group>";
		};
		BC6CC1E2287802FB009327FA /* ViewModel */ = {
			isa = PBXGroup;
			children = (
				BCC0745C288F08A50076DD27 /* BusStopViewModel.swift */,
			);
			path = ViewModel;
			sourceTree = "<group>";
		};
		BC6CC1E328780302009327FA /* Model */ = {
			isa = PBXGroup;
			children = (
			);
			path = Model;
			sourceTree = "<group>";
		};
		BC6CC1E428780309009327FA /* Service */ = {
			isa = PBXGroup;
			children = (
				BC3BCAF4288B05760067104D /* Service.swift */,
			);
			path = Service;
			sourceTree = "<group>";
		};
		BC9D7071286E1957004B3D86 = {
			isa = PBXGroup;
			children = (
				BC9D707C286E1957004B3D86 /* KakaoBus */,
				BC9D707B286E1957004B3D86 /* Products */,
			);
			sourceTree = "<group>";
		};
		BC9D707B286E1957004B3D86 /* Products */ = {
			isa = PBXGroup;
			children = (
				BC9D707A286E1957004B3D86 /* KakaoBus.app */,
			);
			name = Products;
			sourceTree = "<group>";
		};
		BC9D707C286E1957004B3D86 /* KakaoBus */ = {
			isa = PBXGroup;
			children = (
				BC6CC1E2287802FB009327FA /* ViewModel */,
				BC6CC1E428780309009327FA /* Service */,
				BC6CC1E328780302009327FA /* Model */,
				BC6CC1E1287802EC009327FA /* View */,
				BC9D707D286E1957004B3D86 /* KakaoBusApp.swift */,
				BC9D7081286E195A004B3D86 /* Assets.xcassets */,
				BC9D7083286E195A004B3D86 /* Preview Content */,
			);
			path = KakaoBus;
			sourceTree = "<group>";
		};
		BC9D7083286E195A004B3D86 /* Preview Content */ = {
			isa = PBXGroup;
			children = (
				BC9D7084286E195A004B3D86 /* Preview Assets.xcassets */,
			);
			path = "Preview Content";
			sourceTree = "<group>";
		};
		BCC07456288E788C0076DD27 /* Conponent */ = {
			isa = PBXGroup;
			children = (
				BCC07458288E78BF0076DD27 /* FavoriteBusStop.swift */,
				BCC0745A288EEDE80076DD27 /* BusArrivalTime.swift */,
			);
			path = Conponent;
			sourceTree = "<group>";
		};
		BCC07457288E78980076DD27 /* Page */ = {
			isa = PBXGroup;
			children = (
				BC9D707F286E1957004B3D86 /* ContentView.swift */,
				BC6B9254288E2C70004E5F18 /* BusStopView.swift */,
			);
			path = Page;
			sourceTree = "<group>";
		};
/* End PBXGroup section */

/* Begin PBXNativeTarget section */
		BC9D7079286E1957004B3D86 /* KakaoBus */ = {
			isa = PBXNativeTarget;
			buildConfigurationList = BC9D7088286E195A004B3D86 /* Build configuration list for PBXNativeTarget "KakaoBus" */;
			buildPhases = (
				BC9D7076286E1957004B3D86 /* Sources */,
				BC9D7077286E1957004B3D86 /* Frameworks */,
				BC9D7078286E1957004B3D86 /* Resources */,
			);
			buildRules = (
			);
			dependencies = (
			);
			name = KakaoBus;
			packageProductDependencies = (
				BCC07454288E6BE00076DD27 /* RxSwift */,
			);
			productName = KakaoBus;
			productReference = BC9D707A286E1957004B3D86 /* KakaoBus.app */;
			productType = "com.apple.product-type.application";
		};
/* End PBXNativeTarget section */

/* Begin PBXProject section */
		BC9D7072286E1957004B3D86 /* Project object */ = {
			isa = PBXProject;
			attributes = {
				BuildIndependentTargetsInParallel = 1;
				LastSwiftUpdateCheck = 1340;
				LastUpgradeCheck = 1340;
				TargetAttributes = {
					BC9D7079286E1957004B3D86 = {
						CreatedOnToolsVersion = 13.4.1;
					};
				};
			};
			buildConfigurationList = BC9D7075286E1957004B3D86 /* Build configuration list for PBXProject "KakaoBus" */;
			compatibilityVersion = "Xcode 13.0";
			developmentRegion = en;
			hasScannedForEncodings = 0;
			knownRegions = (
				en,
				Base,
			);
			mainGroup = BC9D7071286E1957004B3D86;
			packageReferences = (
				BC3BCAF6288B05DF0067104D /* XCRemoteSwiftPackageReference "RxSwift" */,
				BCC07452288E6BC90076DD27 /* XCRemoteSwiftPackageReference "RxSwift" */,
				BCC07453288E6BE00076DD27 /* XCRemoteSwiftPackageReference "RxSwift" */,
			);
			productRefGroup = BC9D707B286E1957004B3D86 /* Products */;
			projectDirPath = "";
			projectRoot = "";
			targets = (
				BC9D7079286E1957004B3D86 /* KakaoBus */,
			);
		};
/* End PBXProject section */

/* Begin PBXResourcesBuildPhase section */
		BC9D7078286E1957004B3D86 /* Resources */ = {
			isa = PBXResourcesBuildPhase;
			buildActionMask = 2147483647;
			files = (
				BC9D7085286E195A004B3D86 /* Preview Assets.xcassets in Resources */,
				BC9D7082286E195A004B3D86 /* Assets.xcassets in Resources */,
			);
			runOnlyForDeploymentPostprocessing = 0;
		};
/* End PBXResourcesBuildPhase section */

/* Begin PBXSourcesBuildPhase section */
		BC9D7076286E1957004B3D86 /* Sources */ = {
			isa = PBXSourcesBuildPhase;
			buildActionMask = 2147483647;
			files = (
				BC9D7080286E1957004B3D86 /* ContentView.swift in Sources */,
				BC9D707E286E1957004B3D86 /* KakaoBusApp.swift in Sources */,
				BC3BCAF5288B05760067104D /* Service.swift in Sources */,
				BCC07459288E78BF0076DD27 /* FavoriteBusStop.swift in Sources */,
				BCC0745D288F08A50076DD27 /* BusStopViewModel.swift in Sources */,
				BC6B9255288E2C70004E5F18 /* BusStopView.swift in Sources */,
				BCC0745B288EEDE80076DD27 /* BusArrivalTime.swift in Sources */,
			);
			runOnlyForDeploymentPostprocessing = 0;
		};
/* End PBXSourcesBuildPhase section */

/* Begin XCBuildConfiguration section */
		BC9D7086286E195A004B3D86 /* Debug */ = {
			isa = XCBuildConfiguration;
			buildSettings = {
				ALWAYS_SEARCH_USER_PATHS = NO;
				CLANG_ANALYZER_NONNULL = YES;
				CLANG_ANALYZER_NUMBER_OBJECT_CONVERSION = YES_AGGRESSIVE;
				CLANG_CXX_LANGUAGE_STANDARD = "gnu++17";
				CLANG_ENABLE_MODULES = YES;
				CLANG_ENABLE_OBJC_ARC = YES;
				CLANG_ENABLE_OBJC_WEAK = YES;
				CLANG_WARN_BLOCK_CAPTURE_AUTORELEASING = YES;
				CLANG_WARN_BOOL_CONVERSION = YES;
				CLANG_WARN_COMMA = YES;
				CLANG_WARN_CONSTANT_CONVERSION = YES;
				CLANG_WARN_DEPRECATED_OBJC_IMPLEMENTATIONS = YES;
				CLANG_WARN_DIRECT_OBJC_ISA_USAGE = YES_ERROR;
				CLANG_WARN_DOCUMENTATION_COMMENTS = YES;
				CLANG_WARN_EMPTY_BODY = YES;
				CLANG_WARN_ENUM_CONVERSION = YES;
				CLANG_WARN_INFINITE_RECURSION = YES;
				CLANG_WARN_INT_CONVERSION = YES;
				CLANG_WARN_NON_LITERAL_NULL_CONVERSION = YES;
				CLANG_WARN_OBJC_IMPLICIT_RETAIN_SELF = YES;
				CLANG_WARN_OBJC_LITERAL_CONVERSION = YES;
				CLANG_WARN_OBJC_ROOT_CLASS = YES_ERROR;
				CLANG_WARN_QUOTED_INCLUDE_IN_FRAMEWORK_HEADER = YES;
				CLANG_WARN_RANGE_LOOP_ANALYSIS = YES;
				CLANG_WARN_STRICT_PROTOTYPES = YES;
				CLANG_WARN_SUSPICIOUS_MOVE = YES;
				CLANG_WARN_UNGUARDED_AVAILABILITY = YES_AGGRESSIVE;
				CLANG_WARN_UNREACHABLE_CODE = YES;
				CLANG_WARN__DUPLICATE_METHOD_MATCH = YES;
				COPY_PHASE_STRIP = NO;
				DEBUG_INFORMATION_FORMAT = dwarf;
				ENABLE_STRICT_OBJC_MSGSEND = YES;
				ENABLE_TESTABILITY = YES;
				GCC_C_LANGUAGE_STANDARD = gnu11;
				GCC_DYNAMIC_NO_PIC = NO;
				GCC_NO_COMMON_BLOCKS = YES;
				GCC_OPTIMIZATION_LEVEL = 0;
				GCC_PREPROCESSOR_DEFINITIONS = (
					"DEBUG=1",
					"$(inherited)",
				);
				GCC_WARN_64_TO_32_BIT_CONVERSION = YES;
				GCC_WARN_ABOUT_RETURN_TYPE = YES_ERROR;
				GCC_WARN_UNDECLARED_SELECTOR = YES;
				GCC_WARN_UNINITIALIZED_AUTOS = YES_AGGRESSIVE;
				GCC_WARN_UNUSED_FUNCTION = YES;
				GCC_WARN_UNUSED_VARIABLE = YES;
				IPHONEOS_DEPLOYMENT_TARGET = 15.5;
				MTL_ENABLE_DEBUG_INFO = INCLUDE_SOURCE;
				MTL_FAST_MATH = YES;
				ONLY_ACTIVE_ARCH = YES;
				SDKROOT = iphoneos;
				SWIFT_ACTIVE_COMPILATION_CONDITIONS = DEBUG;
				SWIFT_OPTIMIZATION_LEVEL = "-Onone";
			};
			name = Debug;
		};
		BC9D7087286E195A004B3D86 /* Release */ = {
			isa = XCBuildConfiguration;
			buildSettings = {
				ALWAYS_SEARCH_USER_PATHS = NO;
				CLANG_ANALYZER_NONNULL = YES;
				CLANG_ANALYZER_NUMBER_OBJECT_CONVERSION = YES_AGGRESSIVE;
				CLANG_CXX_LANGUAGE_STANDARD = "gnu++17";
				CLANG_ENABLE_MODULES = YES;
				CLANG_ENABLE_OBJC_ARC = YES;
				CLANG_ENABLE_OBJC_WEAK = YES;
				CLANG_WARN_BLOCK_CAPTURE_AUTORELEASING = YES;
				CLANG_WARN_BOOL_CONVERSION = YES;
				CLANG_WARN_COMMA = YES;
				CLANG_WARN_CONSTANT_CONVERSION = YES;
				CLANG_WARN_DEPRECATED_OBJC_IMPLEMENTATIONS = YES;
				CLANG_WARN_DIRECT_OBJC_ISA_USAGE = YES_ERROR;
				CLANG_WARN_DOCUMENTATION_COMMENTS = YES;
				CLANG_WARN_EMPTY_BODY = YES;
				CLANG_WARN_ENUM_CONVERSION = YES;
				CLANG_WARN_INFINITE_RECURSION = YES;
				CLANG_WARN_INT_CONVERSION = YES;
				CLANG_WARN_NON_LITERAL_NULL_CONVERSION = YES;
				CLANG_WARN_OBJC_IMPLICIT_RETAIN_SELF = YES;
				CLANG_WARN_OBJC_LITERAL_CONVERSION = YES;
				CLANG_WARN_OBJC_ROOT_CLASS = YES_ERROR;
				CLANG_WARN_QUOTED_INCLUDE_IN_FRAMEWORK_HEADER = YES;
				CLANG_WARN_RANGE_LOOP_ANALYSIS = YES;
				CLANG_WARN_STRICT_PROTOTYPES = YES;
				CLANG_WARN_SUSPICIOUS_MOVE = YES;
				CLANG_WARN_UNGUARDED_AVAILABILITY = YES_AGGRESSIVE;
				CLANG_WARN_UNREACHABLE_CODE = YES;
				CLANG_WARN__DUPLICATE_METHOD_MATCH = YES;
				COPY_PHASE_STRIP = NO;
				DEBUG_INFORMATION_FORMAT = "dwarf-with-dsym";
				ENABLE_NS_ASSERTIONS = NO;
				ENABLE_STRICT_OBJC_MSGSEND = YES;
				GCC_C_LANGUAGE_STANDARD = gnu11;
				GCC_NO_COMMON_BLOCKS = YES;
				GCC_WARN_64_TO_32_BIT_CONVERSION = YES;
				GCC_WARN_ABOUT_RETURN_TYPE = YES_ERROR;
				GCC_WARN_UNDECLARED_SELECTOR = YES;
				GCC_WARN_UNINITIALIZED_AUTOS = YES_AGGRESSIVE;
				GCC_WARN_UNUSED_FUNCTION = YES;
				GCC_WARN_UNUSED_VARIABLE = YES;
				IPHONEOS_DEPLOYMENT_TARGET = 15.5;
				MTL_ENABLE_DEBUG_INFO = NO;
				MTL_FAST_MATH = YES;
				SDKROOT = iphoneos;
				SWIFT_COMPILATION_MODE = wholemodule;
				SWIFT_OPTIMIZATION_LEVEL = "-O";
				VALIDATE_PRODUCT = YES;
			};
			name = Release;
		};
		BC9D7089286E195A004B3D86 /* Debug */ = {
			isa = XCBuildConfiguration;
			buildSettings = {
				ASSETCATALOG_COMPILER_APPICON_NAME = AppIcon;
				ASSETCATALOG_COMPILER_GLOBAL_ACCENT_COLOR_NAME = AccentColor;
				CODE_SIGN_STYLE = Automatic;
				CURRENT_PROJECT_VERSION = 1;
				DEVELOPMENT_ASSET_PATHS = "\"KakaoBus/Preview Content\"";
				DEVELOPMENT_TEAM = N8MX74Y447;
				ENABLE_PREVIEWS = YES;
				GENERATE_INFOPLIST_FILE = YES;
				INFOPLIST_KEY_UIApplicationSceneManifest_Generation = YES;
				INFOPLIST_KEY_UIApplicationSupportsIndirectInputEvents = YES;
				INFOPLIST_KEY_UILaunchScreen_Generation = YES;
				INFOPLIST_KEY_UISupportedInterfaceOrientations_iPad = "UIInterfaceOrientationPortrait UIInterfaceOrientationPortraitUpsideDown UIInterfaceOrientationLandscapeLeft UIInterfaceOrientationLandscapeRight";
				INFOPLIST_KEY_UISupportedInterfaceOrientations_iPhone = "UIInterfaceOrientationPortrait UIInterfaceOrientationLandscapeLeft UIInterfaceOrientationLandscapeRight";
				LD_RUNPATH_SEARCH_PATHS = (
					"$(inherited)",
					"@executable_path/Frameworks",
				);
				MARKETING_VERSION = 1.0;
				PRODUCT_BUNDLE_IDENTIFIER = doyeon.KakaoBus;
				PRODUCT_NAME = "$(TARGET_NAME)";
				SWIFT_EMIT_LOC_STRINGS = YES;
				SWIFT_VERSION = 5.0;
				TARGETED_DEVICE_FAMILY = "1,2";
			};
			name = Debug;
		};
		BC9D708A286E195A004B3D86 /* Release */ = {
			isa = XCBuildConfiguration;
			buildSettings = {
				ASSETCATALOG_COMPILER_APPICON_NAME = AppIcon;
				ASSETCATALOG_COMPILER_GLOBAL_ACCENT_COLOR_NAME = AccentColor;
				CODE_SIGN_STYLE = Automatic;
				CURRENT_PROJECT_VERSION = 1;
				DEVELOPMENT_ASSET_PATHS = "\"KakaoBus/Preview Content\"";
				DEVELOPMENT_TEAM = N8MX74Y447;
				ENABLE_PREVIEWS = YES;
				GENERATE_INFOPLIST_FILE = YES;
				INFOPLIST_KEY_UIApplicationSceneManifest_Generation = YES;
				INFOPLIST_KEY_UIApplicationSupportsIndirectInputEvents = YES;
				INFOPLIST_KEY_UILaunchScreen_Generation = YES;
				INFOPLIST_KEY_UISupportedInterfaceOrientations_iPad = "UIInterfaceOrientationPortrait UIInterfaceOrientationPortraitUpsideDown UIInterfaceOrientationLandscapeLeft UIInterfaceOrientationLandscapeRight";
				INFOPLIST_KEY_UISupportedInterfaceOrientations_iPhone = "UIInterfaceOrientationPortrait UIInterfaceOrientationLandscapeLeft UIInterfaceOrientationLandscapeRight";
				LD_RUNPATH_SEARCH_PATHS = (
					"$(inherited)",
					"@executable_path/Frameworks",
				);
				MARKETING_VERSION = 1.0;
				PRODUCT_BUNDLE_IDENTIFIER = doyeon.KakaoBus;
				PRODUCT_NAME = "$(TARGET_NAME)";
				SWIFT_EMIT_LOC_STRINGS = YES;
				SWIFT_VERSION = 5.0;
				TARGETED_DEVICE_FAMILY = "1,2";
			};
			name = Release;
		};
/* End XCBuildConfiguration section */

/* Begin XCConfigurationList section */
		BC9D7075286E1957004B3D86 /* Build configuration list for PBXProject "KakaoBus" */ = {
			isa = XCConfigurationList;
			buildConfigurations = (
				BC9D7086286E195A004B3D86 /* Debug */,
				BC9D7087286E195A004B3D86 /* Release */,
			);
			defaultConfigurationIsVisible = 0;
			defaultConfigurationName = Release;
		};
		BC9D7088286E195A004B3D86 /* Build configuration list for PBXNativeTarget "KakaoBus" */ = {
			isa = XCConfigurationList;
			buildConfigurations = (
				BC9D7089286E195A004B3D86 /* Debug */,
				BC9D708A286E195A004B3D86 /* Release */,
			);
			defaultConfigurationIsVisible = 0;
			defaultConfigurationName = Release;
		};
/* End XCConfigurationList section */

/* Begin XCRemoteSwiftPackageReference section */
		BC3BCAF6288B05DF0067104D /* XCRemoteSwiftPackageReference "RxSwift" */ = {
			isa = XCRemoteSwiftPackageReference;
			repositoryURL = "https://github.com/ReactiveX/RxSwift";
			requirement = {
				kind = upToNextMajorVersion;
				minimumVersion = 6.0.0;
			};
		};
		BCC07452288E6BC90076DD27 /* XCRemoteSwiftPackageReference "RxSwift" */ = {
			isa = XCRemoteSwiftPackageReference;
			repositoryURL = "https://github.com/ReactiveX/RxSwift";
			requirement = {
				branch = main;
				kind = branch;
			};
		};
		BCC07453288E6BE00076DD27 /* XCRemoteSwiftPackageReference "RxSwift" */ = {
			isa = XCRemoteSwiftPackageReference;
			repositoryURL = "https://github.com/ReactiveX/RxSwift";
			requirement = {
				branch = main;
				kind = branch;
			};
		};
/* End XCRemoteSwiftPackageReference section */

/* Begin XCSwiftPackageProductDependency section */
		BCC07454288E6BE00076DD27 /* RxSwift */ = {
			isa = XCSwiftPackageProductDependency;
			package = BCC07452288E6BC90076DD27 /* XCRemoteSwiftPackageReference "RxSwift" */;
			productName = RxSwift;
		};
/* End XCSwiftPackageProductDependency section */
	};
	rootObject = BC9D7072286E1957004B3D86 /* Project object */;
}
